github.com/debtano/dog v0.0.0-20231128200422-0ef787112de7 h1:A2FGqVuUVHvJvg5IVMboH7VCooKIhRisEECpa549/PI=
github.com/debtano/dog v0.0.0-20231128200422-0ef787112de7/go.mod h1:SWGr7YlaehixVxCdxccx1Fe0lrkC+PfeV57nctluQu0=
github.com/debtano/puppy v1.0.0 h1:PQw3qPIikZ0Poll5BVCaS4/gSqgwu84yfSWHh6I1OgA=
github.com/debtano/puppy v1.0.0/go.mod h1:cDnzGT4Va37AhfBKHYMj6g5J80E+0YAzJncEYPmjPdQ=
github.com/debtano/puppy v1.2.0 h1:pgIsEaCKZKtD9cH0EsxPbMGvHr9C0NmvFAzUhTI8y4w=
github.com/debtano/puppy v1.2.0/go.mod h1:cDnzGT4Va37AhfBKHYMj6g5J80E+0YAzJncEYPmjPdQ=
